
Microsoft Visual Studio Solution File, Format Version 12.00
# Visual Studio 15
VisualStudioVersion = 15.0.28010.0
MinimumVisualStudioVersion = 10.0.40219.1
Project("{FAE04EC0-301F-11D3-BF4B-00C04F79EFBC}") = "PseudoRegisters", "PseudoRegisters\PseudoRegisters.csproj", "{A106735A-F547-4103-86B9-B499DA8C9C44}"
EndProject
Global
	GlobalSection(SolutionConfigurationPlatforms) = preSolution
		Debug|Any CPU = Debug|Any CPU
		Release|Any CPU = Release|Any CPU
	EndGlobalSection
	GlobalSection(ProjectConfigurationPlatforms) = postSolution
		{A106735A-F547-4103-86B9-B499DA8C9C44}.Debug|Any CPU.ActiveCfg = Debug|Any CPU
		{A106735A-F547-4103-86B9-B499DA8C9C44}.Debug|Any CPU.Build.0 = Debug|Any CPU
		{A106735A-F547-4103-86B9-B499DA8C9C44}.Release|Any CPU.ActiveCfg = Release|Any CPU
		{A106735A-F547-4103-86B9-B499DA8C9C44}.Release|Any CPU.Build.0 = Release|Any CPU
	EndGlobalSection
	GlobalSection(SolutionProperties) = preSolution
		HideSolutionNode = FALSE
	EndGlobalSection
	GlobalSection(ExtensibilityGlobals) = postSolution
		SolutionGuid = {485861D5-5533-4EDA-843A-C6D2BA23066A}
	EndGlobalSection
EndGlobal
